// !$*UTF8*$!
{
	archiveVersion = 1;
	classes = {
	};
	objectVersion = 56;
	objects = {

/* Begin PBXBuildFile section */
		9B5874782BB26ED800E4258E /* MapMarkerTestApp.swift in Sources */ = {isa = PBXBuildFile; fileRef = 9B5874772BB26ED800E4258E /* MapMarkerTestApp.swift */; };
		9B58747A2BB26ED800E4258E /* ContentView.swift in Sources */ = {isa = PBXBuildFile; fileRef = 9B5874792BB26ED800E4258E /* ContentView.swift */; };
		9B58747C2BB26ED800E4258E /* Assets.xcassets in Resources */ = {isa = PBXBuildFile; fileRef = 9B58747B2BB26ED800E4258E /* Assets.xcassets */; };
		9B58747F2BB26ED800E4258E /* Preview Assets.xcassets in Resources */ = {isa = PBXBuildFile; fileRef = 9B58747E2BB26ED800E4258E /* Preview Assets.xcassets */; };
		9B5874892BB26ED900E4258E /* MapMarkerTestTests.swift in Sources */ = {isa = PBXBuildFile; fileRef = 9B5874882BB26ED900E4258E /* MapMarkerTestTests.swift */; };
		9B5874932BB26ED900E4258E /* MapMarkerTestUITests.swift in Sources */ = {isa = PBXBuildFile; fileRef = 9B5874922BB26ED900E4258E /* MapMarkerTestUITests.swift */; };
		9B5874952BB26ED900E4258E /* MapMarkerTestUITestsLaunchTests.swift in Sources */ = {isa = PBXBuildFile; fileRef = 9B5874942BB26ED900E4258E /* MapMarkerTestUITestsLaunchTests.swift */; };
		9B5874A22BB26F4B00E4258E /* PinAnnotationMapView.swift in Sources */ = {isa = PBXBuildFile; fileRef = 9B5874A12BB26F4B00E4258E /* PinAnnotationMapView.swift */; };
/* End PBXBuildFile section */

/* Begin PBXContainerItemProxy section */
		9B5874852BB26ED900E4258E /* PBXContainerItemProxy */ = {
			isa = PBXContainerItemProxy;
			containerPortal = 9B58746C2BB26ED800E4258E /* Project object */;
			proxyType = 1;
			remoteGlobalIDString = 9B5874732BB26ED800E4258E;
			remoteInfo = MapMarkerTest;
		};
		9B58748F2BB26ED900E4258E /* PBXContainerItemProxy */ = {
			isa = PBXContainerItemProxy;
			containerPortal = 9B58746C2BB26ED800E4258E /* Project object */;
			proxyType = 1;
			remoteGlobalIDString = 9B5874732BB26ED800E4258E;
			remoteInfo = MapMarkerTest;
		};
/* End PBXContainerItemProxy section */

/* Begin PBXFileReference section */
		9B5874742BB26ED800E4258E /* MapMarkerTest.app */ = {isa = PBXFileReference; explicitFileType = wrapper.application; includeInIndex = 0; path = MapMarkerTest.app; sourceTree = BUILT_PRODUCTS_DIR; };
		9B5874772BB26ED800E4258E /* MapMarkerTestApp.swift */ = {isa = PBXFileReference; lastKnownFileType = sourcecode.swift; path = MapMarkerTestApp.swift; sourceTree = "<group>"; };
		9B5874792BB26ED800E4258E /* ContentView.swift */ = {isa = PBXFileReference; lastKnownFileType = sourcecode.swift; path = ContentView.swift; sourceTree = "<group>"; };
		9B58747B2BB26ED800E4258E /* Assets.xcassets */ = {isa = PBXFileReference; lastKnownFileType = folder.assetcatalog; path = Assets.xcassets; sourceTree = "<group>"; };
		9B58747E2BB26ED800E4258E /* Preview Assets.xcassets */ = {isa = PBXFileReference; lastKnownFileType = folder.assetcatalog; path = "Preview Assets.xcassets"; sourceTree = "<group>"; };
		9B5874842BB26ED900E4258E /* MapMarkerTestTests.xctest */ = {isa = PBXFileReference; explicitFileType = wrapper.cfbundle; includeInIndex = 0; path = MapMarkerTestTests.xctest; sourceTree = BUILT_PRODUCTS_DIR; };
		9B5874882BB26ED900E4258E /* MapMarkerTestTests.swift */ = {isa = PBXFileReference; lastKnownFileType = sourcecode.swift; path = MapMarkerTestTests.swift; sourceTree = "<group>"; };
		9B58748E2BB26ED900E4258E /* MapMarkerTestUITests.xctest */ = {isa = PBXFileReference; explicitFileType = wrapper.cfbundle; includeInIndex = 0; path = MapMarkerTestUITests.xctest; sourceTree = BUILT_PRODUCTS_DIR; };
		9B5874922BB26ED900E4258E /* MapMarkerTestUITests.swift */ = {isa = PBXFileReference; lastKnownFileType = sourcecode.swift; path = MapMarkerTestUITests.swift; sourceTree = "<group>"; };
		9B5874942BB26ED900E4258E /* MapMarkerTestUITestsLaunchTests.swift */ = {isa = PBXFileReference; lastKnownFileType = sourcecode.swift; path = MapMarkerTestUITestsLaunchTests.swift; sourceTree = "<group>"; };
		9B5874A12BB26F4B00E4258E /* PinAnnotationMapView.swift */ = {isa = PBXFileReference; lastKnownFileType = sourcecode.swift; path = PinAnnotationMapView.swift; sourceTree = "<group>"; };
/* End PBXFileReference section */

/* Begin PBXFrameworksBuildPhase section */
		9B5874712BB26ED800E4258E /* Frameworks */ = {
			isa = PBXFrameworksBuildPhase;
			buildActionMask = 2147483647;
			files = (
			);
			runOnlyForDeploymentPostprocessing = 0;
		};
		9B5874812BB26ED900E4258E /* Frameworks */ = {
			isa = PBXFrameworksBuildPhase;
			buildActionMask = 2147483647;
			files = (
			);
			runOnlyForDeploymentPostprocessing = 0;
		};
		9B58748B2BB26ED900E4258E /* Frameworks */ = {
			isa = PBXFrameworksBuildPhase;
			buildActionMask = 2147483647;
			files = (
			);
			runOnlyForDeploymentPostprocessing = 0;
		};
/* End PBXFrameworksBuildPhase section */

/* Begin PBXGroup section */
		9B58746B2BB26ED800E4258E = {
			isa = PBXGroup;
			children = (
				9B5874762BB26ED800E4258E /* MapMarkerTest */,
				9B5874872BB26ED900E4258E /* MapMarkerTestTests */,
				9B5874912BB26ED900E4258E /* MapMarkerTestUITests */,
				9B5874752BB26ED800E4258E /* Products */,
			);
			sourceTree = "<group>";
		};
		9B5874752BB26ED800E4258E /* Products */ = {
			isa = PBXGroup;
			children = (
				9B5874742BB26ED800E4258E /* MapMarkerTest.app */,
				9B5874842BB26ED900E4258E /* MapMarkerTestTests.xctest */,
				9B58748E2BB26ED900E4258E /* MapMarkerTestUITests.xctest */,
			);
			name = Products;
			sourceTree = "<group>";
		};
		9B5874762BB26ED800E4258E /* MapMarkerTest */ = {
			isa = PBXGroup;
			children = (
				9B5874772BB26ED800E4258E /* MapMarkerTestApp.swift */,
				9B5874792BB26ED800E4258E /* ContentView.swift */,
				9B5874A12BB26F4B00E4258E /* PinAnnotationMapView.swift */,
				9B58747B2BB26ED800E4258E /* Assets.xcassets */,
				9B58747D2BB26ED800E4258E /* Preview Content */,
			);
			path = MapMarkerTest;
			sourceTree = "<group>";
		};
		9B58747D2BB26ED800E4258E /* Preview Content */ = {
			isa = PBXGroup;
			children = (
				9B58747E2BB26ED800E4258E /* Preview Assets.xcassets */,
			);
			path = "Preview Content";
			sourceTree = "<group>";
		};
		9B5874872BB26ED900E4258E /* MapMarkerTestTests */ = {
			isa = PBXGroup;
			children = (
				9B5874882BB26ED900E4258E /* MapMarkerTestTests.swift */,
			);
			path = MapMarkerTestTests;
			sourceTree = "<group>";
		};
		9B5874912BB26ED900E4258E /* MapMarkerTestUITests */ = {
			isa = PBXGroup;
			children = (
				9B5874922BB26ED900E4258E /* MapMarkerTestUITests.swift */,
				9B5874942BB26ED900E4258E /* MapMarkerTestUITestsLaunchTests.swift */,
			);
			path = MapMarkerTestUITests;
			sourceTree = "<group>";
		};
/* End PBXGroup section */

/* Begin PBXNativeTarget section */
		9B5874732BB26ED800E4258E /* MapMarkerTest */ = {
			isa = PBXNativeTarget;
			buildConfigurationList = 9B5874982BB26ED900E4258E /* Build configuration list for PBXNativeTarget "MapMarkerTest" */;
			buildPhases = (
				9B5874702BB26ED800E4258E /* Sources */,
				9B5874712BB26ED800E4258E /* Frameworks */,
				9B5874722BB26ED800E4258E /* Resources */,
			);
			buildRules = (
			);
			dependencies = (
			);
			name = MapMarkerTest;
			productName = MapMarkerTest;
			productReference = 9B5874742BB26ED800E4258E /* MapMarkerTest.app */;
			productType = "com.apple.product-type.application";
		};
		9B5874832BB26ED900E4258E /* MapMarkerTestTests */ = {
			isa = PBXNativeTarget;
			buildConfigurationList = 9B58749B2BB26ED900E4258E /* Build configuration list for PBXNativeTarget "MapMarkerTestTests" */;
			buildPhases = (
				9B5874802BB26ED900E4258E /* Sources */,
				9B5874812BB26ED900E4258E /* Frameworks */,
				9B5874822BB26ED900E4258E /* Resources */,
			);
			buildRules = (
			);
			dependencies = (
				9B5874862BB26ED900E4258E /* PBXTargetDependency */,
			);
			name = MapMarkerTestTests;
			productName = MapMarkerTestTests;
			productReference = 9B5874842BB26ED900E4258E /* MapMarkerTestTests.xctest */;
			productType = "com.apple.product-type.bundle.unit-test";
		};
		9B58748D2BB26ED900E4258E /* MapMarkerTestUITests */ = {
			isa = PBXNativeTarget;
			buildConfigurationList = 9B58749E2BB26ED900E4258E /* Build configuration list for PBXNativeTarget "MapMarkerTestUITests" */;
			buildPhases = (
				9B58748A2BB26ED900E4258E /* Sources */,
				9B58748B2BB26ED900E4258E /* Frameworks */,
				9B58748C2BB26ED900E4258E /* Resources */,
			);
			buildRules = (
			);
			dependencies = (
				9B5874902BB26ED900E4258E /* PBXTargetDependency */,
			);
			name = MapMarkerTestUITests;
			productName = MapMarkerTestUITests;
			productReference = 9B58748E2BB26ED900E4258E /* MapMarkerTestUITests.xctest */;
			productType = "com.apple.product-type.bundle.ui-testing";
		};
/* End PBXNativeTarget section */

/* Begin PBXProject section */
		9B58746C2BB26ED800E4258E /* Project object */ = {
			isa = PBXProject;
			attributes = {
				BuildIndependentTargetsInParallel = 1;
				LastSwiftUpdateCheck = 1520;
				LastUpgradeCheck = 1520;
				TargetAttributes = {
					9B5874732BB26ED800E4258E = {
						CreatedOnToolsVersion = 15.2;
					};
					9B5874832BB26ED900E4258E = {
						CreatedOnToolsVersion = 15.2;
						TestTargetID = 9B5874732BB26ED800E4258E;
					};
					9B58748D2BB26ED900E4258E = {
						CreatedOnToolsVersion = 15.2;
						TestTargetID = 9B5874732BB26ED800E4258E;
					};
				};
			};
			buildConfigurationList = 9B58746F2BB26ED800E4258E /* Build configuration list for PBXProject "MapMarkerTest" */;
			compatibilityVersion = "Xcode 14.0";
			developmentRegion = en;
			hasScannedForEncodings = 0;
			knownRegions = (
				en,
				Base,
			);
			mainGroup = 9B58746B2BB26ED800E4258E;
			productRefGroup = 9B5874752BB26ED800E4258E /* Products */;
			projectDirPath = "";
			projectRoot = "";
			targets = (
				9B5874732BB26ED800E4258E /* MapMarkerTest */,
				9B5874832BB26ED900E4258E /* MapMarkerTestTests */,
				9B58748D2BB26ED900E4258E /* MapMarkerTestUITests */,
			);
		};
/* End PBXProject section */

/* Begin PBXResourcesBuildPhase section */
		9B5874722BB26ED800E4258E /* Resources */ = {
			isa = PBXResourcesBuildPhase;
			buildActionMask = 2147483647;
			files = (
				9B58747F2BB26ED800E4258E /* Preview Assets.xcassets in Resources */,
				9B58747C2BB26ED800E4258E /* Assets.xcassets in Resources */,
			);
			runOnlyForDeploymentPostprocessing = 0;
		};
		9B5874822BB26ED900E4258E /* Resources */ = {
			isa = PBXResourcesBuildPhase;
			buildActionMask = 2147483647;
			files = (
			);
			runOnlyForDeploymentPostprocessing = 0;
		};
		9B58748C2BB26ED900E4258E /* Resources */ = {
			isa = PBXResourcesBuildPhase;
			buildActionMask = 2147483647;
			files = (
			);
			runOnlyForDeploymentPostprocessing = 0;
		};
/* End PBXResourcesBuildPhase section */

/* Begin PBXSourcesBuildPhase section */
		9B5874702BB26ED800E4258E /* Sources */ = {
			isa = PBXSourcesBuildPhase;
			buildActionMask = 2147483647;
			files = (
				9B58747A2BB26ED800E4258E /* ContentView.swift in Sources */,
				9B5874782BB26ED800E4258E /* MapMarkerTestApp.swift in Sources */,
				9B5874A22BB26F4B00E4258E /* PinAnnotationMapView.swift in Sources */,
			);
			runOnlyForDeploymentPostprocessing = 0;
		};
		9B5874802BB26ED900E4258E /* Sources */ = {
			isa = PBXSourcesBuildPhase;
			buildActionMask = 2147483647;
			files = (
				9B5874892BB26ED900E4258E /* MapMarkerTestTests.swift in Sources */,
			);
			runOnlyForDeploymentPostprocessing = 0;
		};
		9B58748A2BB26ED900E4258E /* Sources */ = {
			isa = PBXSourcesBuildPhase;
			buildActionMask = 2147483647;
			files = (
				9B5874932BB26ED900E4258E /* MapMarkerTestUITests.swift in Sources */,
				9B5874952BB26ED900E4258E /* MapMarkerTestUITestsLaunchTests.swift in Sources */,
			);
			runOnlyForDeploymentPostprocessing = 0;
		};
/* End PBXSourcesBuildPhase section */

/* Begin PBXTargetDependency section */
		9B5874862BB26ED900E4258E /* PBXTargetDependency */ = {
			isa = PBXTargetDependency;
			target = 9B5874732BB26ED800E4258E /* MapMarkerTest */;
			targetProxy = 9B5874852BB26ED900E4258E /* PBXContainerItemProxy */;
		};
		9B5874902BB26ED900E4258E /* PBXTargetDependency */ = {
			isa = PBXTargetDependency;
			target = 9B5874732BB26ED800E4258E /* MapMarkerTest */;
			targetProxy = 9B58748F2BB26ED900E4258E /* PBXContainerItemProxy */;
		};
/* End PBXTargetDependency section */

/* Begin XCBuildConfiguration section */
		9B5874962BB26ED900E4258E /* Debug */ = {
			isa = XCBuildConfiguration;
			buildSettings = {
				ALWAYS_SEARCH_USER_PATHS = NO;
				ASSETCATALOG_COMPILER_GENERATE_SWIFT_ASSET_SYMBOL_EXTENSIONS = YES;
				CLANG_ANALYZER_NONNULL = YES;
				CLANG_ANALYZER_NUMBER_OBJECT_CONVERSION = YES_AGGRESSIVE;
				CLANG_CXX_LANGUAGE_STANDARD = "gnu++20";
				CLANG_ENABLE_MODULES = YES;
				CLANG_ENABLE_OBJC_ARC = YES;
				CLANG_ENABLE_OBJC_WEAK = YES;
				CLANG_WARN_BLOCK_CAPTURE_AUTORELEASING = YES;
				CLANG_WARN_BOOL_CONVERSION = YES;
				CLANG_WARN_COMMA = YES;
				CLANG_WARN_CONSTANT_CONVERSION = YES;
				CLANG_WARN_DEPRECATED_OBJC_IMPLEMENTATIONS = YES;
				CLANG_WARN_DIRECT_OBJC_ISA_USAGE = YES_ERROR;
				CLANG_WARN_DOCUMENTATION_COMMENTS = YES;
				CLANG_WARN_EMPTY_BODY = YES;
				CLANG_WARN_ENUM_CONVERSION = YES;
				CLANG_WARN_INFINITE_RECURSION = YES;
				CLANG_WARN_INT_CONVERSION = YES;
				CLANG_WARN_NON_LITERAL_NULL_CONVERSION = YES;
				CLANG_WARN_OBJC_IMPLICIT_RETAIN_SELF = YES;
				CLANG_WARN_OBJC_LITERAL_CONVERSION = YES;
				CLANG_WARN_OBJC_ROOT_CLASS = YES_ERROR;
				CLANG_WARN_QUOTED_INCLUDE_IN_FRAMEWORK_HEADER = YES;
				CLANG_WARN_RANGE_LOOP_ANALYSIS = YES;
				CLANG_WARN_STRICT_PROTOTYPES = YES;
				CLANG_WARN_SUSPICIOUS_MOVE = YES;
				CLANG_WARN_UNGUARDED_AVAILABILITY = YES_AGGRESSIVE;
				CLANG_WARN_UNREACHABLE_CODE = YES;
				CLANG_WARN__DUPLICATE_METHOD_MATCH = YES;
				COPY_PHASE_STRIP = NO;
				DEBUG_INFORMATION_FORMAT = dwarf;
				ENABLE_STRICT_OBJC_MSGSEND = YES;
				ENABLE_TESTABILITY = YES;
				ENABLE_USER_SCRIPT_SANDBOXING = YES;
				GCC_C_LANGUAGE_STANDARD = gnu17;
				GCC_DYNAMIC_NO_PIC = NO;
				GCC_NO_COMMON_BLOCKS = YES;
				GCC_OPTIMIZATION_LEVEL = 0;
				GCC_PREPROCESSOR_DEFINITIONS = (
					"DEBUG=1",
					"$(inherited)",
				);
				GCC_WARN_64_TO_32_BIT_CONVERSION = YES;
				GCC_WARN_ABOUT_RETURN_TYPE = YES_ERROR;
				GCC_WARN_UNDECLARED_SELECTOR = YES;
				GCC_WARN_UNINITIALIZED_AUTOS = YES_AGGRESSIVE;
				GCC_WARN_UNUSED_FUNCTION = YES;
				GCC_WARN_UNUSED_VARIABLE = YES;
				IPHONEOS_DEPLOYMENT_TARGET = 17.2;
				LOCALIZATION_PREFERS_STRING_CATALOGS = YES;
				MTL_ENABLE_DEBUG_INFO = INCLUDE_SOURCE;
				MTL_FAST_MATH = YES;
				ONLY_ACTIVE_ARCH = YES;
				SDKROOT = iphoneos;
				SWIFT_ACTIVE_COMPILATION_CONDITIONS = "DEBUG $(inherited)";
				SWIFT_OPTIMIZATION_LEVEL = "-Onone";
			};
			name = Debug;
		};
		9B5874972BB26ED900E4258E /* Release */ = {
			isa = XCBuildConfiguration;
			buildSettings = {
				ALWAYS_SEARCH_USER_PATHS = NO;
				ASSETCATALOG_COMPILER_GENERATE_SWIFT_ASSET_SYMBOL_EXTENSIONS = YES;
				CLANG_ANALYZER_NONNULL = YES;
				CLANG_ANALYZER_NUMBER_OBJECT_CONVERSION = YES_AGGRESSIVE;
				CLANG_CXX_LANGUAGE_STANDARD = "gnu++20";
				CLANG_ENABLE_MODULES = YES;
				CLANG_ENABLE_OBJC_ARC = YES;
				CLANG_ENABLE_OBJC_WEAK = YES;
				CLANG_WARN_BLOCK_CAPTURE_AUTORELEASING = YES;
				CLANG_WARN_BOOL_CONVERSION = YES;
				CLANG_WARN_COMMA = YES;
				CLANG_WARN_CONSTANT_CONVERSION = YES;
				CLANG_WARN_DEPRECATED_OBJC_IMPLEMENTATIONS = YES;
				CLANG_WARN_DIRECT_OBJC_ISA_USAGE = YES_ERROR;
				CLANG_WARN_DOCUMENTATION_COMMENTS = YES;
				CLANG_WARN_EMPTY_BODY = YES;
				CLANG_WARN_ENUM_CONVERSION = YES;
				CLANG_WARN_INFINITE_RECURSION = YES;
				CLANG_WARN_INT_CONVERSION = YES;
				CLANG_WARN_NON_LITERAL_NULL_CONVERSION = YES;
				CLANG_WARN_OBJC_IMPLICIT_RETAIN_SELF = YES;
				CLANG_WARN_OBJC_LITERAL_CONVERSION = YES;
				CLANG_WARN_OBJC_ROOT_CLASS = YES_ERROR;
				CLANG_WARN_QUOTED_INCLUDE_IN_FRAMEWORK_HEADER = YES;
				CLANG_WARN_RANGE_LOOP_ANALYSIS = YES;
				CLANG_WARN_STRICT_PROTOTYPES = YES;
				CLANG_WARN_SUSPICIOUS_MOVE = YES;
				CLANG_WARN_UNGUARDED_AVAILABILITY = YES_AGGRESSIVE;
				CLANG_WARN_UNREACHABLE_CODE = YES;
				CLANG_WARN__DUPLICATE_METHOD_MATCH = YES;
				COPY_PHASE_STRIP = NO;
				DEBUG_INFORMATION_FORMAT = "dwarf-with-dsym";
				ENABLE_NS_ASSERTIONS = NO;
				ENABLE_STRICT_OBJC_MSGSEND = YES;
				ENABLE_USER_SCRIPT_SANDBOXING = YES;
				GCC_C_LANGUAGE_STANDARD = gnu17;
				GCC_NO_COMMON_BLOCKS = YES;
				GCC_WARN_64_TO_32_BIT_CONVERSION = YES;
				GCC_WARN_ABOUT_RETURN_TYPE = YES_ERROR;
				GCC_WARN_UNDECLARED_SELECTOR = YES;
				GCC_WARN_UNINITIALIZED_AUTOS = YES_AGGRESSIVE;
				GCC_WARN_UNUSED_FUNCTION = YES;
				GCC_WARN_UNUSED_VARIABLE = YES;
				IPHONEOS_DEPLOYMENT_TARGET = 17.2;
				LOCALIZATION_PREFERS_STRING_CATALOGS = YES;
				MTL_ENABLE_DEBUG_INFO = NO;
				MTL_FAST_MATH = YES;
				SDKROOT = iphoneos;
				SWIFT_COMPILATION_MODE = wholemodule;
				VALIDATE_PRODUCT = YES;
			};
			name = Release;
		};
		9B5874992BB26ED900E4258E /* Debug */ = {
			isa = XCBuildConfiguration;
			buildSettings = {
				ASSETCATALOG_COMPILER_APPICON_NAME = AppIcon;
				ASSETCATALOG_COMPILER_GLOBAL_ACCENT_COLOR_NAME = AccentColor;
				CODE_SIGN_STYLE = Automatic;
				CURRENT_PROJECT_VERSION = 1;
				DEVELOPMENT_ASSET_PATHS = "\"MapMarkerTest/Preview Content\"";
				ENABLE_PREVIEWS = YES;
				GENERATE_INFOPLIST_FILE = YES;
				INFOPLIST_KEY_UIApplicationSceneManifest_Generation = YES;
				INFOPLIST_KEY_UIApplicationSupportsIndirectInputEvents = YES;
				INFOPLIST_KEY_UILaunchScreen_Generation = YES;
				INFOPLIST_KEY_UISupportedInterfaceOrientations_iPad = "UIInterfaceOrientationPortrait UIInterfaceOrientationPortraitUpsideDown UIInterfaceOrientationLandscapeLeft UIInterfaceOrientationLandscapeRight";
				INFOPLIST_KEY_UISupportedInterfaceOrientations_iPhone = "UIInterfaceOrientationPortrait UIInterfaceOrientationLandscapeLeft UIInterfaceOrientationLandscapeRight";
				LD_RUNPATH_SEARCH_PATHS = (
					"$(inherited)",
					"@executable_path/Frameworks",
				);
				MARKETING_VERSION = 1.0;
				PRODUCT_BUNDLE_IDENTIFIER = Groo.MapMarkerTest;
				PRODUCT_NAME = "$(TARGET_NAME)";
				SWIFT_EMIT_LOC_STRINGS = YES;
				SWIFT_VERSION = 5.0;
				TARGETED_DEVICE_FAMILY = "1,2";
			};
			name = Debug;
		};
		9B58749A2BB26ED900E4258E /* Release */ = {
			isa = XCBuildConfiguration;
			buildSettings = {
				ASSETCATALOG_COMPILER_APPICON_NAME = AppIcon;
				ASSETCATALOG_COMPILER_GLOBAL_ACCENT_COLOR_NAME = AccentColor;
				CODE_SIGN_STYLE = Automatic;
				CURRENT_PROJECT_VERSION = 1;
				DEVELOPMENT_ASSET_PATHS = "\"MapMarkerTest/Preview Content\"";
				ENABLE_PREVIEWS = YES;
				GENERATE_INFOPLIST_FILE = YES;
				INFOPLIST_KEY_UIApplicationSceneManifest_Generation = YES;
				INFOPLIST_KEY_UIApplicationSupportsIndirectInputEvents = YES;
				INFOPLIST_KEY_UILaunchScreen_Generation = YES;
				INFOPLIST_KEY_UISupportedInterfaceOrientations_iPad = "UIInterfaceOrientationPortrait UIInterfaceOrientationPortraitUpsideDown UIInterfaceOrientationLandscapeLeft UIInterfaceOrientationLandscapeRight";
				INFOPLIST_KEY_UISupportedInterfaceOrientations_iPhone = "UIInterfaceOrientationPortrait UIInterfaceOrientationLandscapeLeft UIInterfaceOrientationLandscapeRight";
				LD_RUNPATH_SEARCH_PATHS = (
					"$(inherited)",
					"@executable_path/Frameworks",
				);
				MARKETING_VERSION = 1.0;
				PRODUCT_BUNDLE_IDENTIFIER = Groo.MapMarkerTest;
				PRODUCT_NAME = "$(TARGET_NAME)";
				SWIFT_EMIT_LOC_STRINGS = YES;
				SWIFT_VERSION = 5.0;
				TARGETED_DEVICE_FAMILY = "1,2";
			};
			name = Release;
		};
		9B58749C2BB26ED900E4258E /* Debug */ = {
			isa = XCBuildConfiguration;
			buildSettings = {
				ALWAYS_EMBED_SWIFT_STANDARD_LIBRARIES = YES;
				BUNDLE_LOADER = "$(TEST_HOST)";
				CODE_SIGN_STYLE = Automatic;
				CURRENT_PROJECT_VERSION = 1;
				GENERATE_INFOPLIST_FILE = YES;
				IPHONEOS_DEPLOYMENT_TARGET = 17.2;
				MARKETING_VERSION = 1.0;
				PRODUCT_BUNDLE_IDENTIFIER = Groo.MapMarkerTestTests;
				PRODUCT_NAME = "$(TARGET_NAME)";
				SWIFT_EMIT_LOC_STRINGS = NO;
				SWIFT_VERSION = 5.0;
				TARGETED_DEVICE_FAMILY = "1,2";
				TEST_HOST = "$(BUILT_PRODUCTS_DIR)/MapMarkerTest.app/$(BUNDLE_EXECUTABLE_FOLDER_PATH)/MapMarkerTest";
			};
			name = Debug;
		};
		9B58749D2BB26ED900E4258E /* Release */ = {
			isa = XCBuildConfiguration;
			buildSettings = {
				ALWAYS_EMBED_SWIFT_STANDARD_LIBRARIES = YES;
				BUNDLE_LOADER = "$(TEST_HOST)";
				CODE_SIGN_STYLE = Automatic;
				CURRENT_PROJECT_VERSION = 1;
				GENERATE_INFOPLIST_FILE = YES;
				IPHONEOS_DEPLOYMENT_TARGET = 17.2;
				MARKETING_VERSION = 1.0;
				PRODUCT_BUNDLE_IDENTIFIER = Groo.MapMarkerTestTests;
				PRODUCT_NAME = "$(TARGET_NAME)";
				SWIFT_EMIT_LOC_STRINGS = NO;
				SWIFT_VERSION = 5.0;
				TARGETED_DEVICE_FAMILY = "1,2";
				TEST_HOST = "$(BUILT_PRODUCTS_DIR)/MapMarkerTest.app/$(BUNDLE_EXECUTABLE_FOLDER_PATH)/MapMarkerTest";
			};
			name = Release;
		};
		9B58749F2BB26ED900E4258E /* Debug */ = {
			isa = XCBuildConfiguration;
			buildSettings = {
				ALWAYS_EMBED_SWIFT_STANDARD_LIBRARIES = YES;
				CODE_SIGN_STYLE = Automatic;
				CURRENT_PROJECT_VERSION = 1;
				GENERATE_INFOPLIST_FILE = YES;
				MARKETING_VERSION = 1.0;
				PRODUCT_BUNDLE_IDENTIFIER = Groo.MapMarkerTestUITests;
				PRODUCT_NAME = "$(TARGET_NAME)";
				SWIFT_EMIT_LOC_STRINGS = NO;
				SWIFT_VERSION = 5.0;
				TARGETED_DEVICE_FAMILY = "1,2";
				TEST_TARGET_NAME = MapMarkerTest;
			};
			name = Debug;
		};
		9B5874A02BB26ED900E4258E /* Release */ = {
			isa = XCBuildConfiguration;
			buildSettings = {
				ALWAYS_EMBED_SWIFT_STANDARD_LIBRARIES = YES;
				CODE_SIGN_STYLE = Automatic;
				CURRENT_PROJECT_VERSION = 1;
				GENERATE_INFOPLIST_FILE = YES;
				MARKETING_VERSION = 1.0;
				PRODUCT_BUNDLE_IDENTIFIER = Groo.MapMarkerTestUITests;
				PRODUCT_NAME = "$(TARGET_NAME)";
				SWIFT_EMIT_LOC_STRINGS = NO;
				SWIFT_VERSION = 5.0;
				TARGETED_DEVICE_FAMILY = "1,2";
				TEST_TARGET_NAME = MapMarkerTest;
			};
			name = Release;
		};
/* End XCBuildConfiguration section */

/* Begin XCConfigurationList section */
		9B58746F2BB26ED800E4258E /* Build configuration list for PBXProject "MapMarkerTest" */ = {
			isa = XCConfigurationList;
			buildConfigurations = (
				9B5874962BB26ED900E4258E /* Debug */,
				9B5874972BB26ED900E4258E /* Release */,
			);
			defaultConfigurationIsVisible = 0;
			defaultConfigurationName = Release;
		};
		9B5874982BB26ED900E4258E /* Build configuration list for PBXNativeTarget "MapMarkerTest" */ = {
			isa = XCConfigurationList;
			buildConfigurations = (
				9B5874992BB26ED900E4258E /* Debug */,
				9B58749A2BB26ED900E4258E /* Release */,
			);
			defaultConfigurationIsVisible = 0;
			defaultConfigurationName = Release;
		};
		9B58749B2BB26ED900E4258E /* Build configuration list for PBXNativeTarget "MapMarkerTestTests" */ = {
			isa = XCConfigurationList;
			buildConfigurations = (
				9B58749C2BB26ED900E4258E /* Debug */,
				9B58749D2BB26ED900E4258E /* Release */,
			);
			defaultConfigurationIsVisible = 0;
			defaultConfigurationName = Release;
		};
		9B58749E2BB26ED900E4258E /* Build configuration list for PBXNativeTarget "MapMarkerTestUITests" */ = {
			isa = XCConfigurationList;
			buildConfigurations = (
				9B58749F2BB26ED900E4258E /* Debug */,
				9B5874A02BB26ED900E4258E /* Release */,
			);
			defaultConfigurationIsVisible = 0;
			defaultConfigurationName = Release;
		};
/* End XCConfigurationList section */
	};
	rootObject = 9B58746C2BB26ED800E4258E /* Project object */;
}
